
Microsoft Visual Studio Solution File, Format Version 12.00
# Visual Studio Version 17
VisualStudioVersion = 17.14.36429.23
MinimumVisualStudioVersion = 10.0.40219.1
Project("{FAE04EC0-301F-11D3-BF4B-00C04F79EFBC}") = "CryptoGridProj", "CryptoGridProj\CryptoGridProj.csproj", "{388EAE21-C3B8-4E02-986A-C9F1FE4DAED6}"
	ProjectSection(ProjectDependencies) = postProject
		{1A18E141-27BE-40A4-9DF8-6BC4FEB2200B} = {1A18E141-27BE-40A4-9DF8-6BC4FEB2200B}
	EndProjectSection
EndProject
Project("{FAE04EC0-301F-11D3-BF4B-00C04F79EFBC}") = "DLL", "DLL\DLL.csproj", "{1A18E141-27BE-40A4-9DF8-6BC4FEB2200B}"
EndProject
Global
	GlobalSection(SolutionConfigurationPlatforms) = preSolution
		Debug|Any CPU = Debug|Any CPU
		Release|Any CPU = Release|Any CPU
	EndGlobalSection
	GlobalSection(ProjectConfigurationPlatforms) = postSolution
		{388EAE21-C3B8-4E02-986A-C9F1FE4DAED6}.Debug|Any CPU.ActiveCfg = Debug|Any CPU
		{388EAE21-C3B8-4E02-986A-C9F1FE4DAED6}.Debug|Any CPU.Build.0 = Debug|Any CPU
		{388EAE21-C3B8-4E02-986A-C9F1FE4DAED6}.Release|Any CPU.ActiveCfg = Release|Any CPU
		{388EAE21-C3B8-4E02-986A-C9F1FE4DAED6}.Release|Any CPU.Build.0 = Release|Any CPU
		{1A18E141-27BE-40A4-9DF8-6BC4FEB2200B}.Debug|Any CPU.ActiveCfg = Debug|Any CPU
		{1A18E141-27BE-40A4-9DF8-6BC4FEB2200B}.Debug|Any CPU.Build.0 = Debug|Any CPU
		{1A18E141-27BE-40A4-9DF8-6BC4FEB2200B}.Release|Any CPU.ActiveCfg = Release|Any CPU
		{1A18E141-27BE-40A4-9DF8-6BC4FEB2200B}.Release|Any CPU.Build.0 = Release|Any CPU
	EndGlobalSection
	GlobalSection(SolutionProperties) = preSolution
		HideSolutionNode = FALSE
	EndGlobalSection
	GlobalSection(ExtensibilityGlobals) = postSolution
		SolutionGuid = {510985D3-3A21-43F0-9B95-5282B68ECA07}
	EndGlobalSection
EndGlobal
